
Microsoft Visual Studio Solution File, Format Version 12.00
# Visual Studio 15
Project("{FAE04EC0-301F-11D3-BF4B-00C04F79EFBC}") = "Oculus.Platform", "Oculus.Platform.csproj", "{903B41D4-AD08-785E-4FEE-4DF73D3C3AE4}"
EndProject
Project("{FAE04EC0-301F-11D3-BF4B-00C04F79EFBC}") = "Assembly-CSharp", "Assembly-CSharp.csproj", "{A5B1F9DE-A03D-4BE4-835E-69034EDD0568}"
EndProject
Project("{FAE04EC0-301F-11D3-BF4B-00C04F79EFBC}") = "Oculus.Interaction", "Oculus.Interaction.csproj", "{2E898E82-0D7D-0D05-8CC1-A4AA53F5EB4D}"
EndProject
Project("{FAE04EC0-301F-11D3-BF4B-00C04F79EFBC}") = "Oculus.VR", "Oculus.VR.csproj", "{A7EA8C61-C9F7-E584-B759-27251274D44C}"
EndProject
Project("{FAE04EC0-301F-11D3-BF4B-00C04F79EFBC}") = "VoiceSDK.Runtime", "VoiceSDK.Runtime.csproj", "{17F089FE-3A63-BD68-98D2-DB1C0E778C39}"
EndProject
Project("{FAE04EC0-301F-11D3-BF4B-00C04F79EFBC}") = "Oculus.Interaction.Samples", "Oculus.Interaction.Samples.csproj", "{84B24BAF-25C2-3811-4677-525D00E8CAE8}"
EndProject
Project("{FAE04EC0-301F-11D3-BF4B-00C04F79EFBC}") = "Facebook.WitAI", "Facebook.WitAI.csproj", "{53C75283-AB41-8CFB-4B4B-3C80FF3FEB4B}"
EndProject
Project("{FAE04EC0-301F-11D3-BF4B-00C04F79EFBC}") = "AssistantCoreSDKRuntime", "AssistantCoreSDKRuntime.csproj", "{F5F4D2AF-F03D-5738-7416-8C7456A53901}"
EndProject
Project("{FAE04EC0-301F-11D3-BF4B-00C04F79EFBC}") = "Runtime", "Runtime.csproj", "{E2603977-1BFC-87EA-46E6-10E3959DB1EC}"
EndProject
Project("{FAE04EC0-301F-11D3-BF4B-00C04F79EFBC}") = "Oculus.AudioManager", "Oculus.AudioManager.csproj", "{59E1DA8C-90AE-194D-156D-D31F99605877}"
EndProject
Project("{FAE04EC0-301F-11D3-BF4B-00C04F79EFBC}") = "Oculus.LipSync", "Oculus.LipSync.csproj", "{46C812CC-EA0D-DA5A-7684-A9385131CAC5}"
EndProject
Project("{FAE04EC0-301F-11D3-BF4B-00C04F79EFBC}") = "Oculus.Spatializer", "Oculus.Spatializer.csproj", "{A28EAA24-54B6-ACD7-25DD-3904521167A1}"
EndProject
Project("{FAE04EC0-301F-11D3-BF4B-00C04F79EFBC}") = "Oculus.Interaction.Editor", "Oculus.Interaction.Editor.csproj", "{6EBED097-A021-5BFF-61C0-200C4E2F383A}"
EndProject
Project("{FAE04EC0-301F-11D3-BF4B-00C04F79EFBC}") = "Assembly-CSharp-Editor", "Assembly-CSharp-Editor.csproj", "{F2AEF61C-D988-6FC5-FCE1-D3F725B75E96}"
EndProject
Project("{FAE04EC0-301F-11D3-BF4B-00C04F79EFBC}") = "Facebook.Wit.Editor", "Facebook.Wit.Editor.csproj", "{715D7A34-1B95-C589-D67D-DCFF9CA79538}"
EndProject
Project("{FAE04EC0-301F-11D3-BF4B-00C04F79EFBC}") = "Oculus.Platform.Editor", "Oculus.Platform.Editor.csproj", "{8226F216-B125-FDD9-9A14-87CEF30C80C7}"
EndProject
Project("{FAE04EC0-301F-11D3-BF4B-00C04F79EFBC}") = "VoiceSDK.Editor", "VoiceSDK.Editor.csproj", "{C195244C-E41A-B1B9-466A-6386FC328CC2}"
EndProject
Project("{FAE04EC0-301F-11D3-BF4B-00C04F79EFBC}") = "Oculus.AudioManager.Audio.Editor", "Oculus.AudioManager.Audio.Editor.csproj", "{6C1FA198-1766-4107-353B-7799513DE5B2}"
EndProject
Project("{FAE04EC0-301F-11D3-BF4B-00C04F79EFBC}") = "Oculus.VR.Scripts.Editor", "Oculus.VR.Scripts.Editor.csproj", "{FDAC3CC2-6668-E260-72B2-7B0D0103232A}"
EndProject
Project("{FAE04EC0-301F-11D3-BF4B-00C04F79EFBC}") = "Oculus.VR.Editor", "Oculus.VR.Editor.csproj", "{F60D5E6F-CEF3-EED0-6344-439197E18D1E}"
EndProject
Project("{FAE04EC0-301F-11D3-BF4B-00C04F79EFBC}") = "Oculus.LipSync.Editor", "Oculus.LipSync.Editor.csproj", "{11A76ACC-C2DA-27AB-1048-F78F2E1D3969}"
EndProject
Project("{FAE04EC0-301F-11D3-BF4B-00C04F79EFBC}") = "Oculus.AudioManager.Utils.Editor", "Oculus.AudioManager.Utils.Editor.csproj", "{2BC22239-D168-EAA2-DE26-4F02D8719497}"
EndProject
Project("{FAE04EC0-301F-11D3-BF4B-00C04F79EFBC}") = "Oculus.Spatializer.Editor", "Oculus.Spatializer.Editor.csproj", "{797B62F1-39AE-7224-C643-AB8E895CBE78}"
EndProject
Project("{FAE04EC0-301F-11D3-BF4B-00C04F79EFBC}") = "Oculus.Interaction.InterfaceSupport", "Oculus.Interaction.InterfaceSupport.csproj", "{9274582A-7756-F616-D3D1-A05516BAFA24}"
EndProject
Project("{FAE04EC0-301F-11D3-BF4B-00C04F79EFBC}") = "AssistantCoreSDKEditor", "AssistantCoreSDKEditor.csproj", "{962B3071-5565-CF64-301A-8EA8C8ED874D}"
EndProject
Global
	GlobalSection(SolutionConfigurationPlatforms) = preSolution
		Debug|Any CPU = Debug|Any CPU
		Release|Any CPU = Release|Any CPU
	EndGlobalSection
	GlobalSection(ProjectConfigurationPlatforms) = postSolution
		{903B41D4-AD08-785E-4FEE-4DF73D3C3AE4}.Debug|Any CPU.ActiveCfg = Debug|Any CPU
		{903B41D4-AD08-785E-4FEE-4DF73D3C3AE4}.Debug|Any CPU.Build.0 = Debug|Any CPU
		{903B41D4-AD08-785E-4FEE-4DF73D3C3AE4}.Release|Any CPU.ActiveCfg = Release|Any CPU
		{903B41D4-AD08-785E-4FEE-4DF73D3C3AE4}.Release|Any CPU.Build.0 = Release|Any CPU
		{A5B1F9DE-A03D-4BE4-835E-69034EDD0568}.Debug|Any CPU.ActiveCfg = Debug|Any CPU
		{A5B1F9DE-A03D-4BE4-835E-69034EDD0568}.Debug|Any CPU.Build.0 = Debug|Any CPU
		{A5B1F9DE-A03D-4BE4-835E-69034EDD0568}.Release|Any CPU.ActiveCfg = Release|Any CPU
		{A5B1F9DE-A03D-4BE4-835E-69034EDD0568}.Release|Any CPU.Build.0 = Release|Any CPU
		{2E898E82-0D7D-0D05-8CC1-A4AA53F5EB4D}.Debug|Any CPU.ActiveCfg = Debug|Any CPU
		{2E898E82-0D7D-0D05-8CC1-A4AA53F5EB4D}.Debug|Any CPU.Build.0 = Debug|Any CPU
		{2E898E82-0D7D-0D05-8CC1-A4AA53F5EB4D}.Release|Any CPU.ActiveCfg = Release|Any CPU
		{2E898E82-0D7D-0D05-8CC1-A4AA53F5EB4D}.Release|Any CPU.Build.0 = Release|Any CPU
		{A7EA8C61-C9F7-E584-B759-27251274D44C}.Debug|Any CPU.ActiveCfg = Debug|Any CPU
		{A7EA8C61-C9F7-E584-B759-27251274D44C}.Debug|Any CPU.Build.0 = Debug|Any CPU
		{A7EA8C61-C9F7-E584-B759-27251274D44C}.Release|Any CPU.ActiveCfg = Release|Any CPU
		{A7EA8C61-C9F7-E584-B759-27251274D44C}.Release|Any CPU.Build.0 = Release|Any CPU
		{17F089FE-3A63-BD68-98D2-DB1C0E778C39}.Debug|Any CPU.ActiveCfg = Debug|Any CPU
		{17F089FE-3A63-BD68-98D2-DB1C0E778C39}.Debug|Any CPU.Build.0 = Debug|Any CPU
		{17F089FE-3A63-BD68-98D2-DB1C0E778C39}.Release|Any CPU.ActiveCfg = Release|Any CPU
		{17F089FE-3A63-BD68-98D2-DB1C0E778C39}.Release|Any CPU.Build.0 = Release|Any CPU
		{84B24BAF-25C2-3811-4677-525D00E8CAE8}.Debug|Any CPU.ActiveCfg = Debug|Any CPU
		{84B24BAF-25C2-3811-4677-525D00E8CAE8}.Debug|Any CPU.Build.0 = Debug|Any CPU
		{84B24BAF-25C2-3811-4677-525D00E8CAE8}.Release|Any CPU.ActiveCfg = Release|Any CPU
		{84B24BAF-25C2-3811-4677-525D00E8CAE8}.Release|Any CPU.Build.0 = Release|Any CPU
		{53C75283-AB41-8CFB-4B4B-3C80FF3FEB4B}.Debug|Any CPU.ActiveCfg = Debug|Any CPU
		{53C75283-AB41-8CFB-4B4B-3C80FF3FEB4B}.Debug|Any CPU.Build.0 = Debug|Any CPU
		{53C75283-AB41-8CFB-4B4B-3C80FF3FEB4B}.Release|Any CPU.ActiveCfg = Release|Any CPU
		{53C75283-AB41-8CFB-4B4B-3C80FF3FEB4B}.Release|Any CPU.Build.0 = Release|Any CPU
		{F5F4D2AF-F03D-5738-7416-8C7456A53901}.Debug|Any CPU.ActiveCfg = Debug|Any CPU
		{F5F4D2AF-F03D-5738-7416-8C7456A53901}.Debug|Any CPU.Build.0 = Debug|Any CPU
		{F5F4D2AF-F03D-5738-7416-8C7456A53901}.Release|Any CPU.ActiveCfg = Release|Any CPU
		{F5F4D2AF-F03D-5738-7416-8C7456A53901}.Release|Any CPU.Build.0 = Release|Any CPU
		{E2603977-1BFC-87EA-46E6-10E3959DB1EC}.Debug|Any CPU.ActiveCfg = Debug|Any CPU
		{E2603977-1BFC-87EA-46E6-10E3959DB1EC}.Debug|Any CPU.Build.0 = Debug|Any CPU
		{E2603977-1BFC-87EA-46E6-10E3959DB1EC}.Release|Any CPU.ActiveCfg = Release|Any CPU
		{E2603977-1BFC-87EA-46E6-10E3959DB1EC}.Release|Any CPU.Build.0 = Release|Any CPU
		{59E1DA8C-90AE-194D-156D-D31F99605877}.Debug|Any CPU.ActiveCfg = Debug|Any CPU
		{59E1DA8C-90AE-194D-156D-D31F99605877}.Debug|Any CPU.Build.0 = Debug|Any CPU
		{59E1DA8C-90AE-194D-156D-D31F99605877}.Release|Any CPU.ActiveCfg = Release|Any CPU
		{59E1DA8C-90AE-194D-156D-D31F99605877}.Release|Any CPU.Build.0 = Release|Any CPU
		{46C812CC-EA0D-DA5A-7684-A9385131CAC5}.Debug|Any CPU.ActiveCfg = Debug|Any CPU
		{46C812CC-EA0D-DA5A-7684-A9385131CAC5}.Debug|Any CPU.Build.0 = Debug|Any CPU
		{46C812CC-EA0D-DA5A-7684-A9385131CAC5}.Release|Any CPU.ActiveCfg = Release|Any CPU
		{46C812CC-EA0D-DA5A-7684-A9385131CAC5}.Release|Any CPU.Build.0 = Release|Any CPU
		{A28EAA24-54B6-ACD7-25DD-3904521167A1}.Debug|Any CPU.ActiveCfg = Debug|Any CPU
		{A28EAA24-54B6-ACD7-25DD-3904521167A1}.Debug|Any CPU.Build.0 = Debug|Any CPU
		{A28EAA24-54B6-ACD7-25DD-3904521167A1}.Release|Any CPU.ActiveCfg = Release|Any CPU
		{A28EAA24-54B6-ACD7-25DD-3904521167A1}.Release|Any CPU.Build.0 = Release|Any CPU
		{6EBED097-A021-5BFF-61C0-200C4E2F383A}.Debug|Any CPU.ActiveCfg = Debug|Any CPU
		{6EBED097-A021-5BFF-61C0-200C4E2F383A}.Debug|Any CPU.Build.0 = Debug|Any CPU
		{6EBED097-A021-5BFF-61C0-200C4E2F383A}.Release|Any CPU.ActiveCfg = Release|Any CPU
		{6EBED097-A021-5BFF-61C0-200C4E2F383A}.Release|Any CPU.Build.0 = Release|Any CPU
		{F2AEF61C-D988-6FC5-FCE1-D3F725B75E96}.Debug|Any CPU.ActiveCfg = Debug|Any CPU
		{F2AEF61C-D988-6FC5-FCE1-D3F725B75E96}.Debug|Any CPU.Build.0 = Debug|Any CPU
		{F2AEF61C-D988-6FC5-FCE1-D3F725B75E96}.Release|Any CPU.ActiveCfg = Release|Any CPU
		{F2AEF61C-D988-6FC5-FCE1-D3F725B75E96}.Release|Any CPU.Build.0 = Release|Any CPU
		{715D7A34-1B95-C589-D67D-DCFF9CA79538}.Debug|Any CPU.ActiveCfg = Debug|Any CPU
		{715D7A34-1B95-C589-D67D-DCFF9CA79538}.Debug|Any CPU.Build.0 = Debug|Any CPU
		{715D7A34-1B95-C589-D67D-DCFF9CA79538}.Release|Any CPU.ActiveCfg = Release|Any CPU
		{715D7A34-1B95-C589-D67D-DCFF9CA79538}.Release|Any CPU.Build.0 = Release|Any CPU
		{8226F216-B125-FDD9-9A14-87CEF30C80C7}.Debug|Any CPU.ActiveCfg = Debug|Any CPU
		{8226F216-B125-FDD9-9A14-87CEF30C80C7}.Debug|Any CPU.Build.0 = Debug|Any CPU
		{8226F216-B125-FDD9-9A14-87CEF30C80C7}.Release|Any CPU.ActiveCfg = Release|Any CPU
		{8226F216-B125-FDD9-9A14-87CEF30C80C7}.Release|Any CPU.Build.0 = Release|Any CPU
		{C195244C-E41A-B1B9-466A-6386FC328CC2}.Debug|Any CPU.ActiveCfg = Debug|Any CPU
		{C195244C-E41A-B1B9-466A-6386FC328CC2}.Debug|Any CPU.Build.0 = Debug|Any CPU
		{C195244C-E41A-B1B9-466A-6386FC328CC2}.Release|Any CPU.ActiveCfg = Release|Any CPU
		{C195244C-E41A-B1B9-466A-6386FC328CC2}.Release|Any CPU.Build.0 = Release|Any CPU
		{6C1FA198-1766-4107-353B-7799513DE5B2}.Debug|Any CPU.ActiveCfg = Debug|Any CPU
		{6C1FA198-1766-4107-353B-7799513DE5B2}.Debug|Any CPU.Build.0 = Debug|Any CPU
		{6C1FA198-1766-4107-353B-7799513DE5B2}.Release|Any CPU.ActiveCfg = Release|Any CPU
		{6C1FA198-1766-4107-353B-7799513DE5B2}.Release|Any CPU.Build.0 = Release|Any CPU
		{FDAC3CC2-6668-E260-72B2-7B0D0103232A}.Debug|Any CPU.ActiveCfg = Debug|Any CPU
		{FDAC3CC2-6668-E260-72B2-7B0D0103232A}.Debug|Any CPU.Build.0 = Debug|Any CPU
		{FDAC3CC2-6668-E260-72B2-7B0D0103232A}.Release|Any CPU.ActiveCfg = Release|Any CPU
		{FDAC3CC2-6668-E260-72B2-7B0D0103232A}.Release|Any CPU.Build.0 = Release|Any CPU
		{F60D5E6F-CEF3-EED0-6344-439197E18D1E}.Debug|Any CPU.ActiveCfg = Debug|Any CPU
		{F60D5E6F-CEF3-EED0-6344-439197E18D1E}.Debug|Any CPU.Build.0 = Debug|Any CPU
		{F60D5E6F-CEF3-EED0-6344-439197E18D1E}.Release|Any CPU.ActiveCfg = Release|Any CPU
		{F60D5E6F-CEF3-EED0-6344-439197E18D1E}.Release|Any CPU.Build.0 = Release|Any CPU
		{11A76ACC-C2DA-27AB-1048-F78F2E1D3969}.Debug|Any CPU.ActiveCfg = Debug|Any CPU
		{11A76ACC-C2DA-27AB-1048-F78F2E1D3969}.Debug|Any CPU.Build.0 = Debug|Any CPU
		{11A76ACC-C2DA-27AB-1048-F78F2E1D3969}.Release|Any CPU.ActiveCfg = Release|Any CPU
		{11A76ACC-C2DA-27AB-1048-F78F2E1D3969}.Release|Any CPU.Build.0 = Release|Any CPU
		{2BC22239-D168-EAA2-DE26-4F02D8719497}.Debug|Any CPU.ActiveCfg = Debug|Any CPU
		{2BC22239-D168-EAA2-DE26-4F02D8719497}.Debug|Any CPU.Build.0 = Debug|Any CPU
		{2BC22239-D168-EAA2-DE26-4F02D8719497}.Release|Any CPU.ActiveCfg = Release|Any CPU
		{2BC22239-D168-EAA2-DE26-4F02D8719497}.Release|Any CPU.Build.0 = Release|Any CPU
		{797B62F1-39AE-7224-C643-AB8E895CBE78}.Debug|Any CPU.ActiveCfg = Debug|Any CPU
		{797B62F1-39AE-7224-C643-AB8E895CBE78}.Debug|Any CPU.Build.0 = Debug|Any CPU
		{797B62F1-39AE-7224-C643-AB8E895CBE78}.Release|Any CPU.ActiveCfg = Release|Any CPU
		{797B62F1-39AE-7224-C643-AB8E895CBE78}.Release|Any CPU.Build.0 = Release|Any CPU
		{9274582A-7756-F616-D3D1-A05516BAFA24}.Debug|Any CPU.ActiveCfg = Debug|Any CPU
		{9274582A-7756-F616-D3D1-A05516BAFA24}.Debug|Any CPU.Build.0 = Debug|Any CPU
		{9274582A-7756-F616-D3D1-A05516BAFA24}.Release|Any CPU.ActiveCfg = Release|Any CPU
		{9274582A-7756-F616-D3D1-A05516BAFA24}.Release|Any CPU.Build.0 = Release|Any CPU
		{962B3071-5565-CF64-301A-8EA8C8ED874D}.Debug|Any CPU.ActiveCfg = Debug|Any CPU
		{962B3071-5565-CF64-301A-8EA8C8ED874D}.Debug|Any CPU.Build.0 = Debug|Any CPU
		{962B3071-5565-CF64-301A-8EA8C8ED874D}.Release|Any CPU.ActiveCfg = Release|Any CPU
		{962B3071-5565-CF64-301A-8EA8C8ED874D}.Release|Any CPU.Build.0 = Release|Any CPU
	EndGlobalSection
	GlobalSection(SolutionProperties) = preSolution
		HideSolutionNode = FALSE
	EndGlobalSection
EndGlobal
